
Microsoft Visual Studio Solution File, Format Version 12.00
# Visual Studio Version 16
VisualStudioVersion = 16.0.31005.135
MinimumVisualStudioVersion = 10.0.40219.1
Project("{FAE04EC0-301F-11D3-BF4B-00C04F79EFBC}") = "ReactDemo", "ReactDemo.csproj", "{7694900D-B07B-4B3D-9D27-78A928E38833}"
EndProject
Global
	GlobalSection(SolutionConfigurationPlatforms) = preSolution
		Debug|Any CPU = Debug|Any CPU
		Release|Any CPU = Release|Any CPU
	EndGlobalSection
	GlobalSection(ProjectConfigurationPlatforms) = postSolution
		{7694900D-B07B-4B3D-9D27-78A928E38833}.Debug|Any CPU.ActiveCfg = Debug|Any CPU
		{7694900D-B07B-4B3D-9D27-78A928E38833}.Debug|Any CPU.Build.0 = Debug|Any CPU
		{7694900D-B07B-4B3D-9D27-78A928E38833}.Release|Any CPU.ActiveCfg = Release|Any CPU
		{7694900D-B07B-4B3D-9D27-78A928E38833}.Release|Any CPU.Build.0 = Release|Any CPU
	EndGlobalSection
	GlobalSection(SolutionProperties) = preSolution
		HideSolutionNode = FALSE
	EndGlobalSection
	GlobalSection(ExtensibilityGlobals) = postSolution
		SolutionGuid = {6201BFC5-636E-40E6-AA64-AF995150D763}
	EndGlobalSection
EndGlobal
